
Microsoft Visual Studio Solution File, Format Version 12.00
# Visual Studio Version 16
VisualStudioVersion = 16.0.31613.86
MinimumVisualStudioVersion = 10.0.40219.1
Project("{9A19103F-16F7-4668-BE54-9A1E7A4F7556}") = "UniversalTunTapDriver", "UniversalTunTapDriver\UniversalTunTapDriver.csproj", "{DFD56ACB-72BD-4157-BC83-84BA2B08807F}"
EndProject
Global
	GlobalSection(SolutionConfigurationPlatforms) = preSolution
		Debug|Any CPU = Debug|Any CPU
		Release|Any CPU = Release|Any CPU
	EndGlobalSection
	GlobalSection(ProjectConfigurationPlatforms) = postSolution
		{DFD56ACB-72BD-4157-BC83-84BA2B08807F}.Debug|Any CPU.ActiveCfg = Debug|Any CPU
		{DFD56ACB-72BD-4157-BC83-84BA2B08807F}.Debug|Any CPU.Build.0 = Debug|Any CPU
		{DFD56ACB-72BD-4157-BC83-84BA2B08807F}.Release|Any CPU.ActiveCfg = Release|Any CPU
		{DFD56ACB-72BD-4157-BC83-84BA2B08807F}.Release|Any CPU.Build.0 = Release|Any CPU
	EndGlobalSection
	GlobalSection(SolutionProperties) = preSolution
		HideSolutionNode = FALSE
	EndGlobalSection
	GlobalSection(ExtensibilityGlobals) = postSolution
		SolutionGuid = {915B124E-9AFC-4BCB-8684-3BF61A528CEA}
	EndGlobalSection
EndGlobal
